# This file is automatically @generated by Poetry 1.7.1 and should not be changed by hand.

[[package]]
name = "attrs"
version = "23.2.0"
description = "Classes Without Boilerplate"
optional = false
python-versions = ">=3.7"
files = [
    {file = "attrs-23.2.0-py3-none-any.whl", hash = "sha256:99b87a485a5820b23b879f04c2305b44b951b502fd64be915879d77a7e8fc6f1"},
    {file = "attrs-23.2.0.tar.gz", hash = "sha256:935dc3b529c262f6cf76e50877d35a4bd3c1de194fd41f47a2b7ae8f19971f30"},
]

[package.extras]
cov = ["attrs[tests]", "coverage[toml] (>=5.3)"]
dev = ["attrs[tests]", "pre-commit"]
docs = ["furo", "myst-parser", "sphinx", "sphinx-notfound-page", "sphinxcontrib-towncrier", "towncrier", "zope-interface"]
tests = ["attrs[tests-no-zope]", "zope-interface"]
tests-mypy = ["mypy (>=1.6)", "pytest-mypy-plugins"]
tests-no-zope = ["attrs[tests-mypy]", "cloudpickle", "hypothesis", "pympler", "pytest (>=4.3.0)", "pytest-xdist[psutil]"]

[[package]]
name = "click"
version = "8.1.7"
description = "Composable command line interface toolkit"
optional = false
python-versions = ">=3.7"
files = [
    {file = "click-8.1.7-py3-none-any.whl", hash = "sha256:ae74fb96c20a0277a1d615f1e4d73c8414f5a98db8b799a7931d1582f3390c28"},
    {file = "click-8.1.7.tar.gz", hash = "sha256:ca9853ad459e787e2192211578cc907e7594e294c7ccc834310722b41b9ca6de"},
]

[package.dependencies]
colorama = {version = "*", markers = "platform_system == \"Windows\""}

[[package]]
name = "colorama"
version = "0.4.6"
description = "Cross-platform colored terminal text."
optional = false
python-versions = "!=3.0.*,!=3.1.*,!=3.2.*,!=3.3.*,!=3.4.*,!=3.5.*,!=3.6.*,>=2.7"
files = [
    {file = "colorama-0.4.6-py2.py3-none-any.whl", hash = "sha256:4f1d9991f5acc0ca119f9d443620b77f9d6b33703e51011c16baf57afb285fc6"},
    {file = "colorama-0.4.6.tar.gz", hash = "sha256:08695f5cb7ed6e0531a20572697297273c47b8cae5a63ffc6d6ed5c201be6e44"},
]

[[package]]
name = "iniconfig"
version = "2.0.0"
description = "brain-dead simple config-ini parsing"
optional = false
python-versions = ">=3.7"
files = [
    {file = "iniconfig-2.0.0-py3-none-any.whl", hash = "sha256:b6a85871a79d2e3b22d2d1b94ac2824226a63c6b741c88f7ae975f18b6778374"},
    {file = "iniconfig-2.0.0.tar.gz", hash = "sha256:2d91e135bf72d31a410b17c16da610a82cb55f6b0477d1a902134b24a455b8b3"},
]

[[package]]
name = "jieba"
version = "0.42.1"
description = "Chinese Words Segmentation Utilities"
optional = false
python-versions = "*"
files = [
    {file = "jieba-0.42.1.tar.gz", hash = "sha256:055ca12f62674fafed09427f176506079bc135638a14e23e25be909131928db2"},
]

[[package]]
name = "markdown-it-py"
version = "3.0.0"
description = "Python port of markdown-it. Markdown parsing, done right!"
optional = false
python-versions = ">=3.8"
files = [
    {file = "markdown-it-py-3.0.0.tar.gz", hash = "sha256:e3f60a94fa066dc52ec76661e37c851cb232d92f9886b15cb560aaada2df8feb"},
    {file = "markdown_it_py-3.0.0-py3-none-any.whl", hash = "sha256:355216845c60bd96232cd8d8c40e8f9765cc86f46880e43a8fd22dc1a1a8cab1"},
]

[package.dependencies]
mdurl = ">=0.1,<1.0"

[package.extras]
benchmarking = ["psutil", "pytest", "pytest-benchmark"]
code-style = ["pre-commit (>=3.0,<4.0)"]
compare = ["commonmark (>=0.9,<1.0)", "markdown (>=3.4,<4.0)", "mistletoe (>=1.0,<2.0)", "mistune (>=2.0,<3.0)", "panflute (>=2.3,<3.0)"]
linkify = ["linkify-it-py (>=1,<3)"]
plugins = ["mdit-py-plugins"]
profiling = ["gprof2dot"]
rtd = ["jupyter_sphinx", "mdit-py-plugins", "myst-parser", "pyyaml", "sphinx", "sphinx-copybutton", "sphinx-design", "sphinx_book_theme"]
testing = ["coverage", "pytest", "pytest-cov", "pytest-regressions"]

[[package]]
name = "mdurl"
version = "0.1.2"
description = "Markdown URL utilities"
optional = false
python-versions = ">=3.7"
files = [
    {file = "mdurl-0.1.2-py3-none-any.whl", hash = "sha256:84008a41e51615a49fc9966191ff91509e3c40b939176e643fd50a5c2196b8f8"},
    {file = "mdurl-0.1.2.tar.gz", hash = "sha256:bb413d29f5eea38f31dd4754dd7377d4465116fb207585f97bf925588687c1ba"},
]

[[package]]
name = "packaging"
version = "24.0"
description = "Core utilities for Python packages"
optional = false
python-versions = ">=3.7"
files = [
    {file = "packaging-24.0-py3-none-any.whl", hash = "sha256:2ddfb553fdf02fb784c234c7ba6ccc288296ceabec964ad2eae3777778130bc5"},
    {file = "packaging-24.0.tar.gz", hash = "sha256:eb82c5e3e56209074766e6885bb04b8c38a0c015d0a30036ebe7ece34c9989e9"},
]

[[package]]
name = "pandoc"
version = "2.4b0"
description = "Pandoc Documents for Python"
optional = false
python-versions = "*"
files = [
    {file = "pandoc-2.4b0-py3-none-any.whl", hash = "sha256:c04dafd3d8f1ff733448a48db8329aeb15f5febb10dc33fc28ed8dad7bfd1eab"},
    {file = "pandoc-2.4b0.tar.gz", hash = "sha256:2dfb17bc05469076c97c1db4c08a8520a3f76b086e26e32d01fe4e408af2ae87"},
]

[package.dependencies]
plumbum = "*"
ply = "*"

[[package]]
name = "pluggy"
version = "1.4.0"
description = "plugin and hook calling mechanisms for python"
optional = false
python-versions = ">=3.8"
files = [
    {file = "pluggy-1.4.0-py3-none-any.whl", hash = "sha256:7db9f7b503d67d1c5b95f59773ebb58a8c1c288129a88665838012cfb07b8981"},
    {file = "pluggy-1.4.0.tar.gz", hash = "sha256:8c85c2876142a764e5b7548e7d9a0e0ddb46f5185161049a79b7e974454223be"},
]

[package.extras]
dev = ["pre-commit", "tox"]
testing = ["pytest", "pytest-benchmark"]

[[package]]
name = "plumbum"
version = "1.8.2"
description = "Plumbum: shell combinators library"
optional = false
python-versions = ">=3.6"
files = [
    {file = "plumbum-1.8.2-py3-none-any.whl", hash = "sha256:3ad9e5f56c6ec98f6f7988f7ea8b52159662ea9e915868d369dbccbfca0e367e"},
    {file = "plumbum-1.8.2.tar.gz", hash = "sha256:9e6dc032f4af952665f32f3206567bc23b7858b1413611afe603a3f8ad9bfd75"},
]

[package.dependencies]
pywin32 = {version = "*", markers = "platform_system == \"Windows\" and platform_python_implementation != \"PyPy\""}

[package.extras]
dev = ["paramiko", "psutil", "pytest (>=6.0)", "pytest-cov", "pytest-mock", "pytest-timeout"]
docs = ["sphinx (>=4.0.0)", "sphinx-rtd-theme (>=1.0.0)"]
ssh = ["paramiko"]

[[package]]
name = "ply"
version = "3.11"
description = "Python Lex & Yacc"
optional = false
python-versions = "*"
files = [
    {file = "ply-3.11-py2.py3-none-any.whl", hash = "sha256:096f9b8350b65ebd2fd1346b12452efe5b9607f7482813ffca50c22722a807ce"},
    {file = "ply-3.11.tar.gz", hash = "sha256:00c7c1aaa88358b9c765b6d3000c6eec0ba42abca5351b095321aef446081da3"},
]

[[package]]
name = "pygments"
version = "2.17.2"
description = "Pygments is a syntax highlighting package written in Python."
optional = false
python-versions = ">=3.7"
files = [
    {file = "pygments-2.17.2-py3-none-any.whl", hash = "sha256:b27c2826c47d0f3219f29554824c30c5e8945175d888647acd804ddd04af846c"},
    {file = "pygments-2.17.2.tar.gz", hash = "sha256:da46cec9fd2de5be3a8a784f434e4c4ab670b4ff54d605c4c2717e9d49c4c367"},
]

[package.extras]
plugins = ["importlib-metadata"]
windows-terminal = ["colorama (>=0.4.6)"]

[[package]]
name = "pyinstrument"
version = "4.6.2"
description = "Call stack profiler for Python. Shows you why your code is slow!"
optional = false
python-versions = ">=3.7"
files = [
    {file = "pyinstrument-4.6.2-cp310-cp310-macosx_10_9_universal2.whl", hash = "sha256:7a1b1cd768ea7ea9ab6f5490f7e74431321bcc463e9441dbc2f769617252d9e2"},
    {file = "pyinstrument-4.6.2-cp310-cp310-macosx_10_9_x86_64.whl", hash = "sha256:8a386b9d09d167451fb2111eaf86aabf6e094fed42c15f62ec51d6980bce7d96"},
    {file = "pyinstrument-4.6.2-cp310-cp310-manylinux_2_17_aarch64.manylinux2014_aarch64.whl", hash = "sha256:23c3e3ca8553b9aac09bd978c73d21b9032c707ac6d803bae6a20ecc048df4a8"},
    {file = "pyinstrument-4.6.2-cp310-cp310-manylinux_2_5_i686.manylinux1_i686.manylinux_2_17_i686.manylinux2014_i686.whl", hash = "sha256:5f329f5534ca069420246f5ce57270d975229bcb92a3a3fd6b2ca086527d9764"},
    {file = "pyinstrument-4.6.2-cp310-cp310-manylinux_2_5_x86_64.manylinux1_x86_64.manylinux_2_17_x86_64.manylinux2014_x86_64.whl", hash = "sha256:d4dcdcc7ba224a0c5edfbd00b0f530f5aed2b26da5aaa2f9af5519d4aa8c7e41"},
    {file = "pyinstrument-4.6.2-cp310-cp310-musllinux_1_1_aarch64.whl", hash = "sha256:73db0c2c99119c65b075feee76e903b4ed82e59440fe8b5724acf5c7cb24721f"},
    {file = "pyinstrument-4.6.2-cp310-cp310-musllinux_1_1_i686.whl", hash = "sha256:da58f265326f3cf3975366ccb8b39014f1e69ff8327958a089858d71c633d654"},
    {file = "pyinstrument-4.6.2-cp310-cp310-musllinux_1_1_x86_64.whl", hash = "sha256:feebcf860f955401df30d029ec8de7a0c5515d24ea809736430fd1219686fe14"},
    {file = "pyinstrument-4.6.2-cp310-cp310-win32.whl", hash = "sha256:b2b66ff0b16c8ecf1ec22de001cfff46872b2c163c62429055105564eef50b2e"},
    {file = "pyinstrument-4.6.2-cp310-cp310-win_amd64.whl", hash = "sha256:8d104b7a7899d5fa4c5bf1ceb0c1a070615a72c5dc17bc321b612467ad5c5d88"},
    {file = "pyinstrument-4.6.2-cp311-cp311-macosx_10_9_universal2.whl", hash = "sha256:62f6014d2b928b181a52483e7c7b82f2c27e22c577417d1681153e5518f03317"},
    {file = "pyinstrument-4.6.2-cp311-cp311-macosx_10_9_x86_64.whl", hash = "sha256:dcb5c8d763c5df55131670ba2a01a8aebd0d490a789904a55eb6a8b8d497f110"},
    {file = "pyinstrument-4.6.2-cp311-cp311-manylinux_2_17_aarch64.manylinux2014_aarch64.whl", hash = "sha256:6ed4e8c6c84e0e6429ba7008a66e435ede2d8cb027794c20923c55669d9c5633"},
    {file = "pyinstrument-4.6.2-cp311-cp311-manylinux_2_5_i686.manylinux1_i686.manylinux_2_17_i686.manylinux2014_i686.whl", hash = "sha256:6c0f0e1d8f8c70faa90ff57f78ac0dda774b52ea0bfb2d9f0f41ce6f3e7c869e"},
    {file = "pyinstrument-4.6.2-cp311-cp311-manylinux_2_5_x86_64.manylinux1_x86_64.manylinux_2_17_x86_64.manylinux2014_x86_64.whl", hash = "sha256:8b3c44cb037ad0d6e9d9a48c14d856254ada641fbd0ae9de40da045fc2226a2a"},
    {file = "pyinstrument-4.6.2-cp311-cp311-musllinux_1_1_aarch64.whl", hash = "sha256:be9901f17ac2f527c352f2fdca3d717c1d7f2ce8a70bad5a490fc8cc5d2a6007"},
    {file = "pyinstrument-4.6.2-cp311-cp311-musllinux_1_1_i686.whl", hash = "sha256:8a9791bf8916c1cf439c202fded32de93354b0f57328f303d71950b0027c7811"},
    {file = "pyinstrument-4.6.2-cp311-cp311-musllinux_1_1_x86_64.whl", hash = "sha256:d6162615e783c59e36f2d7caf903a7e3ecb6b32d4a4ae8907f2760b2ef395bf6"},
    {file = "pyinstrument-4.6.2-cp311-cp311-win32.whl", hash = "sha256:28af084aa84bbfd3620ebe71d5f9a0deca4451267f363738ca824f733de55056"},
    {file = "pyinstrument-4.6.2-cp311-cp311-win_amd64.whl", hash = "sha256:dd6007d3c2e318e09e582435dd8d111cccf30d342af66886b783208813caf3d7"},
    {file = "pyinstrument-4.6.2-cp312-cp312-macosx_10_9_universal2.whl", hash = "sha256:e3813c8ecfab9d7d855c5f0f71f11793cf1507f40401aa33575c7fd613577c23"},
    {file = "pyinstrument-4.6.2-cp312-cp312-macosx_10_9_x86_64.whl", hash = "sha256:6c761372945e60fc1396b7a49f30592e8474e70a558f1a87346d27c8c4ce50f7"},
    {file = "pyinstrument-4.6.2-cp312-cp312-manylinux_2_17_aarch64.manylinux2014_aarch64.whl", hash = "sha256:4fba3244e94c117bf4d9b30b8852bbdcd510e7329fdd5c7c8b3799e00a9215a8"},
    {file = "pyinstrument-4.6.2-cp312-cp312-manylinux_2_5_i686.manylinux1_i686.manylinux_2_17_i686.manylinux2014_i686.whl", hash = "sha256:803ac64e526473d64283f504df3b0d5c2c203ea9603cab428641538ffdc753a7"},
    {file = "pyinstrument-4.6.2-cp312-cp312-manylinux_2_5_x86_64.manylinux1_x86_64.manylinux_2_17_x86_64.manylinux2014_x86_64.whl", hash = "sha256:e2e554b1bb0df78f5ce8a92df75b664912ca93aa94208386102af454ec31b647"},
    {file = "pyinstrument-4.6.2-cp312-cp312-musllinux_1_1_aarch64.whl", hash = "sha256:7c671057fad22ee3ded897a6a361204ea2538e44c1233cad0e8e30f6d27f33db"},
    {file = "pyinstrument-4.6.2-cp312-cp312-musllinux_1_1_i686.whl", hash = "sha256:d02f31fa13a9e8dc702a113878419deba859563a32474c9f68e04619d43d6f01"},
    {file = "pyinstrument-4.6.2-cp312-cp312-musllinux_1_1_x86_64.whl", hash = "sha256:b55983a884f083f93f0fc6d12ff8df0acd1e2fb0580d2f4c7bfe6def33a84b58"},
    {file = "pyinstrument-4.6.2-cp312-cp312-win32.whl", hash = "sha256:fdc0a53b27e5d8e47147489c7dab596ddd1756b1e053217ef5bc6718567099ff"},
    {file = "pyinstrument-4.6.2-cp312-cp312-win_amd64.whl", hash = "sha256:dd5c53a0159126b5ce7cbc4994433c9c671e057c85297ff32645166a06ad2c50"},
    {file = "pyinstrument-4.6.2-cp37-cp37m-macosx_10_9_x86_64.whl", hash = "sha256:b082df0bbf71251a7f4880a12ed28421dba84ea7110bb376e0533067a4eaff40"},
    {file = "pyinstrument-4.6.2-cp37-cp37m-manylinux_2_17_aarch64.manylinux2014_aarch64.whl", hash = "sha256:90350533396071cb2543affe01e40bf534c35cb0d4b8fa9fdb0f052f9ca2cfe3"},
    {file = "pyinstrument-4.6.2-cp37-cp37m-manylinux_2_5_i686.manylinux1_i686.manylinux_2_17_i686.manylinux2014_i686.whl", hash = "sha256:67268bb0d579330cff40fd1c90b8510363ca1a0e7204225840614068658dab77"},
    {file = "pyinstrument-4.6.2-cp37-cp37m-manylinux_2_5_x86_64.manylinux1_x86_64.manylinux_2_17_x86_64.manylinux2014_x86_64.whl", hash = "sha256:20e15b4e1d29ba0b7fc81aac50351e0dc0d7e911e93771ebc3f408e864a2c93b"},
    {file = "pyinstrument-4.6.2-cp37-cp37m-musllinux_1_1_aarch64.whl", hash = "sha256:2e625fc6ffcd4fd420493edd8276179c3f784df207bef4c2192725c1b310534c"},
    {file = "pyinstrument-4.6.2-cp37-cp37m-musllinux_1_1_i686.whl", hash = "sha256:113d2fc534c9ca7b6b5661d6ada05515bf318f6eb34e8d05860fe49eb7cfe17e"},
    {file = "pyinstrument-4.6.2-cp37-cp37m-musllinux_1_1_x86_64.whl", hash = "sha256:3098cd72b71a322a72dafeb4ba5c566465e193d2030adad4c09566bd2f89bf4f"},
    {file = "pyinstrument-4.6.2-cp37-cp37m-win32.whl", hash = "sha256:08fdc7f88c989316fa47805234c37a40fafe7b614afd8ae863f0afa9d1707b37"},
    {file = "pyinstrument-4.6.2-cp37-cp37m-win_amd64.whl", hash = "sha256:5ebeba952c0056dcc9b9355328c78c4b5c2a33b4b4276a9157a3ab589f3d1bac"},
    {file = "pyinstrument-4.6.2-cp38-cp38-macosx_10_9_universal2.whl", hash = "sha256:34e59e91c88ec9ad5630c0964eca823949005e97736bfa838beb4789e94912a2"},
    {file = "pyinstrument-4.6.2-cp38-cp38-macosx_10_9_x86_64.whl", hash = "sha256:cd0320c39e99e3c0a3129d1ed010ac41e5a7eb96fb79900d270080a97962e995"},
    {file = "pyinstrument-4.6.2-cp38-cp38-manylinux_2_17_aarch64.manylinux2014_aarch64.whl", hash = "sha256:46992e855d630575ec635eeca0068a8ddf423d4fd32ea0875a94e9f8688f0b95"},
    {file = "pyinstrument-4.6.2-cp38-cp38-manylinux_2_5_i686.manylinux1_i686.manylinux_2_17_i686.manylinux2014_i686.whl", hash = "sha256:1e474c56da636253dfdca7cd1998b240d6b39f7ed34777362db69224fcf053b1"},
    {file = "pyinstrument-4.6.2-cp38-cp38-manylinux_2_5_x86_64.manylinux1_x86_64.manylinux_2_17_x86_64.manylinux2014_x86_64.whl", hash = "sha256:d4b559322f30509ad8f082561792352d0805b3edfa508e492a36041fdc009259"},
    {file = "pyinstrument-4.6.2-cp38-cp38-musllinux_1_1_aarch64.whl", hash = "sha256:06a8578b2943eb1dbbf281e1e59e44246acfefd79e1b06d4950f01b693de12af"},
    {file = "pyinstrument-4.6.2-cp38-cp38-musllinux_1_1_i686.whl", hash = "sha256:7bd3da31c46f1c1cb7ae89031725f6a1d1015c2041d9c753fe23980f5f9fd86c"},
    {file = "pyinstrument-4.6.2-cp38-cp38-musllinux_1_1_x86_64.whl", hash = "sha256:e63f4916001aa9c625976a50779282e0a5b5e9b17c52a50ef4c651e468ed5b88"},
    {file = "pyinstrument-4.6.2-cp38-cp38-win32.whl", hash = "sha256:32ec8db6896b94af790a530e1e0edad4d0f941a0ab8dd9073e5993e7ea46af7d"},
    {file = "pyinstrument-4.6.2-cp38-cp38-win_amd64.whl", hash = "sha256:a59fc4f7db738a094823afe6422509fa5816a7bf74e768ce5a7a2ddd91af40ac"},
    {file = "pyinstrument-4.6.2-cp39-cp39-macosx_10_9_universal2.whl", hash = "sha256:3a165e0d2deb212d4cf439383982a831682009e1b08733c568cac88c89784e62"},
    {file = "pyinstrument-4.6.2-cp39-cp39-macosx_10_9_x86_64.whl", hash = "sha256:7ba858b3d6f6e5597c641edcc0e7e464f85aba86d71bc3b3592cb89897bf43f6"},
    {file = "pyinstrument-4.6.2-cp39-cp39-manylinux_2_17_aarch64.manylinux2014_aarch64.whl", hash = "sha256:2fd8e547cf3df5f0ec6e4dffbe2e857f6b28eda51b71c3c0b5a2fc0646527835"},
    {file = "pyinstrument-4.6.2-cp39-cp39-manylinux_2_5_i686.manylinux1_i686.manylinux_2_17_i686.manylinux2014_i686.whl", hash = "sha256:0de2c1714a37a820033b19cf134ead43299a02662f1379140974a9ab733c5f3a"},
    {file = "pyinstrument-4.6.2-cp39-cp39-manylinux_2_5_x86_64.manylinux1_x86_64.manylinux_2_17_x86_64.manylinux2014_x86_64.whl", hash = "sha256:01fc45dedceec3df81668d702bca6d400d956c8b8494abc206638c167c78dfd9"},
    {file = "pyinstrument-4.6.2-cp39-cp39-musllinux_1_1_aarch64.whl", hash = "sha256:5b6e161ef268d43ee6bbfae7fd2cdd0a52c099ddd21001c126ca1805dc906539"},
    {file = "pyinstrument-4.6.2-cp39-cp39-musllinux_1_1_i686.whl", hash = "sha256:6ba8e368d0421f15ba6366dfd60ec131c1b46505d021477e0f865d26cf35a605"},
    {file = "pyinstrument-4.6.2-cp39-cp39-musllinux_1_1_x86_64.whl", hash = "sha256:edca46f04a573ac2fb11a84b937844e6a109f38f80f4b422222fb5be8ecad8cb"},
    {file = "pyinstrument-4.6.2-cp39-cp39-win32.whl", hash = "sha256:baf375953b02fe94d00e716f060e60211ede73f49512b96687335f7071adb153"},
    {file = "pyinstrument-4.6.2-cp39-cp39-win_amd64.whl", hash = "sha256:af1a953bce9fd530040895d01ff3de485e25e1576dccb014f76ba9131376fcad"},
    {file = "pyinstrument-4.6.2.tar.gz", hash = "sha256:0002ee517ed8502bbda6eb2bb1ba8f95a55492fcdf03811ba13d4806e50dd7f6"},
]

[package.extras]
bin = ["click", "nox"]
docs = ["furo (==2021.6.18b36)", "myst-parser (==0.15.1)", "sphinx (==4.2.0)", "sphinxcontrib-programoutput (==0.17)"]
examples = ["django", "numpy"]
test = ["flaky", "greenlet (>=3.0.0a1)", "ipython", "pytest", "pytest-asyncio (==0.12.0)", "sphinx-autobuild (==2021.3.14)", "trio"]
types = ["typing-extensions"]

[[package]]
name = "pytest"
version = "8.1.1"
description = "pytest: simple powerful testing with Python"
optional = false
python-versions = ">=3.8"
files = [
    {file = "pytest-8.1.1-py3-none-any.whl", hash = "sha256:2a8386cfc11fa9d2c50ee7b2a57e7d898ef90470a7a34c4b949ff59662bb78b7"},
    {file = "pytest-8.1.1.tar.gz", hash = "sha256:ac978141a75948948817d360297b7aae0fcb9d6ff6bc9ec6d514b85d5a65c044"},
]

[package.dependencies]
colorama = {version = "*", markers = "sys_platform == \"win32\""}
iniconfig = "*"
packaging = "*"
pluggy = ">=1.4,<2.0"

[package.extras]
testing = ["argcomplete", "attrs (>=19.2)", "hypothesis (>=3.56)", "mock", "pygments (>=2.7.2)", "requests", "setuptools", "xmlschema"]

[[package]]
name = "pywin32"
version = "306"
description = "Python for Window Extensions"
optional = false
python-versions = "*"
files = [
    {file = "pywin32-306-cp310-cp310-win32.whl", hash = "sha256:06d3420a5155ba65f0b72f2699b5bacf3109f36acbe8923765c22938a69dfc8d"},
    {file = "pywin32-306-cp310-cp310-win_amd64.whl", hash = "sha256:84f4471dbca1887ea3803d8848a1616429ac94a4a8d05f4bc9c5dcfd42ca99c8"},
    {file = "pywin32-306-cp311-cp311-win32.whl", hash = "sha256:e65028133d15b64d2ed8f06dd9fbc268352478d4f9289e69c190ecd6818b6407"},
    {file = "pywin32-306-cp311-cp311-win_amd64.whl", hash = "sha256:a7639f51c184c0272e93f244eb24dafca9b1855707d94c192d4a0b4c01e1100e"},
    {file = "pywin32-306-cp311-cp311-win_arm64.whl", hash = "sha256:70dba0c913d19f942a2db25217d9a1b726c278f483a919f1abfed79c9cf64d3a"},
    {file = "pywin32-306-cp312-cp312-win32.whl", hash = "sha256:383229d515657f4e3ed1343da8be101000562bf514591ff383ae940cad65458b"},
    {file = "pywin32-306-cp312-cp312-win_amd64.whl", hash = "sha256:37257794c1ad39ee9be652da0462dc2e394c8159dfd913a8a4e8eb6fd346da0e"},
    {file = "pywin32-306-cp312-cp312-win_arm64.whl", hash = "sha256:5821ec52f6d321aa59e2db7e0a35b997de60c201943557d108af9d4ae1ec7040"},
    {file = "pywin32-306-cp37-cp37m-win32.whl", hash = "sha256:1c73ea9a0d2283d889001998059f5eaaba3b6238f767c9cf2833b13e6a685f65"},
    {file = "pywin32-306-cp37-cp37m-win_amd64.whl", hash = "sha256:72c5f621542d7bdd4fdb716227be0dd3f8565c11b280be6315b06ace35487d36"},
    {file = "pywin32-306-cp38-cp38-win32.whl", hash = "sha256:e4c092e2589b5cf0d365849e73e02c391c1349958c5ac3e9d5ccb9a28e017b3a"},
    {file = "pywin32-306-cp38-cp38-win_amd64.whl", hash = "sha256:e8ac1ae3601bee6ca9f7cb4b5363bf1c0badb935ef243c4733ff9a393b1690c0"},
    {file = "pywin32-306-cp39-cp39-win32.whl", hash = "sha256:e25fd5b485b55ac9c057f67d94bc203f3f6595078d1fb3b458c9c28b7153a802"},
    {file = "pywin32-306-cp39-cp39-win_amd64.whl", hash = "sha256:39b61c15272833b5c329a2989999dcae836b1eed650252ab1b7bfbe1d59f30f4"},
]

[[package]]
name = "rich"
version = "13.7.1"
description = "Render rich text, tables, progress bars, syntax highlighting, markdown and more to the terminal"
optional = false
python-versions = ">=3.7.0"
files = [
    {file = "rich-13.7.1-py3-none-any.whl", hash = "sha256:4edbae314f59eb482f54e9e30bf00d33350aaa94f4bfcd4e9e3110e64d0d7222"},
    {file = "rich-13.7.1.tar.gz", hash = "sha256:9be308cb1fe2f1f57d67ce99e95af38a1e2bc71ad9813b0e247cf7ffbcc3a432"},
]

[package.dependencies]
markdown-it-py = ">=2.2.0"
pygments = ">=2.13.0,<3.0.0"

[package.extras]
jupyter = ["ipywidgets (>=7.5.1,<9)"]

[[package]]
name = "typer"
version = "0.9.0"
description = "Typer, build great CLIs. Easy to code. Based on Python type hints."
optional = false
python-versions = ">=3.6"
files = [
    {file = "typer-0.9.0-py3-none-any.whl", hash = "sha256:5d96d986a21493606a358cae4461bd8cdf83cbf33a5aa950ae629ca3b51467ee"},
    {file = "typer-0.9.0.tar.gz", hash = "sha256:50922fd79aea2f4751a8e0408ff10d2662bd0c8bbfa84755a699f3bada2978b2"},
]

[package.dependencies]
click = ">=7.1.1,<9.0.0"
typing-extensions = ">=3.7.4.3"

[package.extras]
all = ["colorama (>=0.4.3,<0.5.0)", "rich (>=10.11.0,<14.0.0)", "shellingham (>=1.3.0,<2.0.0)"]
dev = ["autoflake (>=1.3.1,<2.0.0)", "flake8 (>=3.8.3,<4.0.0)", "pre-commit (>=2.17.0,<3.0.0)"]
doc = ["cairosvg (>=2.5.2,<3.0.0)", "mdx-include (>=1.4.1,<2.0.0)", "mkdocs (>=1.1.2,<2.0.0)", "mkdocs-material (>=8.1.4,<9.0.0)", "pillow (>=9.3.0,<10.0.0)"]
test = ["black (>=22.3.0,<23.0.0)", "coverage (>=6.2,<7.0)", "isort (>=5.0.6,<6.0.0)", "mypy (==0.910)", "pytest (>=4.4.0,<8.0.0)", "pytest-cov (>=2.10.0,<5.0.0)", "pytest-sugar (>=0.9.4,<0.10.0)", "pytest-xdist (>=1.32.0,<4.0.0)", "rich (>=10.11.0,<14.0.0)", "shellingham (>=1.3.0,<2.0.0)"]

[[package]]
name = "typing-extensions"
version = "4.10.0"
description = "Backported and Experimental Type Hints for Python 3.8+"
optional = false
python-versions = ">=3.8"
files = [
    {file = "typing_extensions-4.10.0-py3-none-any.whl", hash = "sha256:69b1a937c3a517342112fb4c6df7e72fc39a38e7891a5730ed4985b5214b5475"},
    {file = "typing_extensions-4.10.0.tar.gz", hash = "sha256:b0abd7c89e8fb96f98db18d86106ff1d90ab692004eb746cf6eda2682f91b3cb"},
]

[metadata]
lock-version = "2.0"
python-versions = "^3.11"
content-hash = "9de0548cf94b6833339f51abb3d6ee62dca3d012a642a69822fe0d68a0378b8d"
